
Microsoft Visual Studio Solution File, Format Version 12.00
# Visual Studio Version 17
VisualStudioVersion = 17.0.32014.148
MinimumVisualStudioVersion = 10.0.40219.1
Project("{2150E333-8FDC-42A3-9474-1A3956D46DE8}") = "src", "src", "{AFAA0841-BD93-466F-B8F4-FB4EEC86F1FC}"
EndProject
Project("{2150E333-8FDC-42A3-9474-1A3956D46DE8}") = "test", "test", "{F10AA149-2626-486E-85BB-9CD5365F3016}"
EndProject
Project("{FAE04EC0-301F-11D3-BF4B-00C04F79EFBC}") = "AMS.Pingdom.Client", "..\ToolClient\AMS.Pingdom.Client\AMS.Pingdom.Client.csproj", "{B36AFC49-C642-49FB-A49D-53504FC1170B}"
EndProject
Project("{FAE04EC0-301F-11D3-BF4B-00C04F79EFBC}") = "AMS.Detectify", "..\ToolClient\AMS.Detectify\AMS.Detectify.csproj", "{7AF9F8F4-2FC8-40B6-8F4A-81179F552A63}"
EndProject
Project("{FAE04EC0-301F-11D3-BF4B-00C04F79EFBC}") = "AMS.Dareboost", "..\ToolClient\AMS.Dareboost\AMS.Dareboost.csproj", "{26E05C1E-E368-428C-BA5D-43D89A9892A5}"
EndProject
Project("{FAE04EC0-301F-11D3-BF4B-00C04F79EFBC}") = "AMS.JiraServicedesk", "..\ToolClient\AMS.JiraServicedesk\AMS.JiraServicedesk.csproj", "{BD285A62-6161-4094-8297-7DBE3DA42ED8}"
EndProject
Project("{FAE04EC0-301F-11D3-BF4B-00C04F79EFBC}") = "AMS.SpeedCurve", "..\ToolClient\AMS.SpeedCurve\AMS.SpeedCurve.csproj", "{5471FF54-CEEA-474A-827F-70B5E4BBE726}"
EndProject
Project("{9A19103F-16F7-4668-BE54-9A1E7A4F7556}") = "AMS.PageSpeed", "..\ToolClient\AMS.PageSpeed\AMS.PageSpeed.csproj", "{486F247D-059C-45D3-8E40-EF5D7FA7794E}"
EndProject
Project("{FAE04EC0-301F-11D3-BF4B-00C04F79EFBC}") = "AMS.ReportAutomation.SchedulerAdmin", "App\AMS.ReportAutomation.SchedulerAdmin\AMS.ReportAutomation.SchedulerAdmin.csproj", "{CA47A282-C12B-474D-A780-3211082FC06C}"
EndProject
Project("{FAE04EC0-301F-11D3-BF4B-00C04F79EFBC}") = "AMS.ReportAutomation.Data", "App\AMS.ReportAutomation.Data\AMS.ReportAutomation.Data.csproj", "{C461573A-79AC-4966-A1F2-22433DDF01E9}"
EndProject
Project("{FAE04EC0-301F-11D3-BF4B-00C04F79EFBC}") = "AMS.ReportAutomation.Crawler", "App\AMS.ReportAutomation.Crawler\AMS.ReportAutomation.Crawler.csproj", "{198E8827-5E7F-4F15-A86E-00226048675B}"
EndProject
Project("{930C7802-8A8C-48F9-8165-68863BCCD9DD}") = "AMS.ReportAutomation.CrawlerSetup", "App\AMS.ReportAutomation.CrawlerSetup\AMS.ReportAutomation.CrawlerSetup.wixproj", "{C02505DA-A803-494A-9B23-C8CEE76B8881}"
EndProject
Project("{FAE04EC0-301F-11D3-BF4B-00C04F79EFBC}") = "AMS.ReportAutomation.ReportData", "App\AMS.ReportAutomation.ReportData\AMS.ReportAutomation.ReportData.csproj", "{4379774B-073F-47A1-950A-A7E6D9008FAF}"
EndProject
Project("{2150E333-8FDC-42A3-9474-1A3956D46DE8}") = "Web", "Web", "{31D2A79A-38E4-4673-BEF0-F6AC28ACFE89}"
EndProject
Project("{2150E333-8FDC-42A3-9474-1A3956D46DE8}") = "ToolClient", "ToolClient", "{EE190D2C-34FC-4C78-8553-A6CF1D797053}"
EndProject
Project("{2150E333-8FDC-42A3-9474-1A3956D46DE8}") = "App", "App", "{272B0977-6EA5-44BC-8F57-CB4F10194A9E}"
EndProject
Project("{FAE04EC0-301F-11D3-BF4B-00C04F79EFBC}") = "AMS.ReportAutomation.ReportDataProcessor", "App\AMS.ReportAutomation.ReportDataProcessor\AMS.ReportAutomation.ReportDataProcessor.csproj", "{65B1EA7F-81DC-49BE-9704-0D15157A5B23}"
EndProject
Project("{FAE04EC0-301F-11D3-BF4B-00C04F79EFBC}") = "AMS.ReportAutomation.Common", "App\AMS.ReportAutomation.Common\AMS.ReportAutomation.Common.csproj", "{A016E7DA-9245-4BC1-BFD3-B1824A4B4B8D}"
EndProject
Project("{930C7802-8A8C-48F9-8165-68863BCCD9DD}") = "AMS.ReportAutomation.ReportDataProcessorSetup", "App\AMS.ReportAutomation.ReportDataProcessorSetup\AMS.ReportAutomation.ReportDataProcessorSetup.wixproj", "{22DB6BD3-6E68-429E-BB8B-24ACC9B48B5D}"
EndProject
Project("{FAE04EC0-301F-11D3-BF4B-00C04F79EFBC}") = "AMS.GoogleAnalytic", "..\ToolClient\AMS.GoogleAnalytic\AMS.GoogleAnalytic.csproj", "{9275FAF1-E9CA-473A-B311-AE7B091D1BF0}"
EndProject
Project("{FAE04EC0-301F-11D3-BF4B-00C04F79EFBC}") = "AMS.GoogleSearch", "..\ToolClient\AMS.GoogleSearch\AMS.GoogleSearch.csproj", "{D4858020-1570-4BCA-BAF0-2A98EA905836}"
EndProject
Project("{FAE04EC0-301F-11D3-BF4B-00C04F79EFBC}") = "AMS.ReportAutomation.ReportSubscription", "App\AMS.ReportAutomation.ReportSubscription\AMS.ReportAutomation.ReportSubscription.csproj", "{4967E667-9639-405E-850D-9792721ED879}"
EndProject
Project("{FAE04EC0-301F-11D3-BF4B-00C04F79EFBC}") = "AMS.Selenium", "..\ToolClient\AMS.Selenium\AMS.Selenium.csproj", "{E6A61AB4-EE5A-4CD2-9127-C177F43DF09D}"
EndProject
Global
	GlobalSection(SolutionConfigurationPlatforms) = preSolution
		Debug|Any CPU = Debug|Any CPU
		Debug|x86 = Debug|x86
		Release|Any CPU = Release|Any CPU
		Release|x86 = Release|x86
	EndGlobalSection
	GlobalSection(ProjectConfigurationPlatforms) = postSolution
		{B36AFC49-C642-49FB-A49D-53504FC1170B}.Debug|Any CPU.ActiveCfg = Debug|Any CPU
		{B36AFC49-C642-49FB-A49D-53504FC1170B}.Debug|Any CPU.Build.0 = Debug|Any CPU
		{B36AFC49-C642-49FB-A49D-53504FC1170B}.Debug|x86.ActiveCfg = Debug|Any CPU
		{B36AFC49-C642-49FB-A49D-53504FC1170B}.Debug|x86.Build.0 = Debug|Any CPU
		{B36AFC49-C642-49FB-A49D-53504FC1170B}.Release|Any CPU.ActiveCfg = Release|Any CPU
		{B36AFC49-C642-49FB-A49D-53504FC1170B}.Release|Any CPU.Build.0 = Release|Any CPU
		{B36AFC49-C642-49FB-A49D-53504FC1170B}.Release|x86.ActiveCfg = Release|Any CPU
		{B36AFC49-C642-49FB-A49D-53504FC1170B}.Release|x86.Build.0 = Release|Any CPU
		{7AF9F8F4-2FC8-40B6-8F4A-81179F552A63}.Debug|Any CPU.ActiveCfg = Debug|Any CPU
		{7AF9F8F4-2FC8-40B6-8F4A-81179F552A63}.Debug|Any CPU.Build.0 = Debug|Any CPU
		{7AF9F8F4-2FC8-40B6-8F4A-81179F552A63}.Debug|x86.ActiveCfg = Debug|Any CPU
		{7AF9F8F4-2FC8-40B6-8F4A-81179F552A63}.Debug|x86.Build.0 = Debug|Any CPU
		{7AF9F8F4-2FC8-40B6-8F4A-81179F552A63}.Release|Any CPU.ActiveCfg = Release|Any CPU
		{7AF9F8F4-2FC8-40B6-8F4A-81179F552A63}.Release|Any CPU.Build.0 = Release|Any CPU
		{7AF9F8F4-2FC8-40B6-8F4A-81179F552A63}.Release|x86.ActiveCfg = Release|Any CPU
		{7AF9F8F4-2FC8-40B6-8F4A-81179F552A63}.Release|x86.Build.0 = Release|Any CPU
		{26E05C1E-E368-428C-BA5D-43D89A9892A5}.Debug|Any CPU.ActiveCfg = Debug|Any CPU
		{26E05C1E-E368-428C-BA5D-43D89A9892A5}.Debug|Any CPU.Build.0 = Debug|Any CPU
		{26E05C1E-E368-428C-BA5D-43D89A9892A5}.Debug|x86.ActiveCfg = Debug|Any CPU
		{26E05C1E-E368-428C-BA5D-43D89A9892A5}.Debug|x86.Build.0 = Debug|Any CPU
		{26E05C1E-E368-428C-BA5D-43D89A9892A5}.Release|Any CPU.ActiveCfg = Release|Any CPU
		{26E05C1E-E368-428C-BA5D-43D89A9892A5}.Release|Any CPU.Build.0 = Release|Any CPU
		{26E05C1E-E368-428C-BA5D-43D89A9892A5}.Release|x86.ActiveCfg = Release|Any CPU
		{26E05C1E-E368-428C-BA5D-43D89A9892A5}.Release|x86.Build.0 = Release|Any CPU
		{BD285A62-6161-4094-8297-7DBE3DA42ED8}.Debug|Any CPU.ActiveCfg = Debug|Any CPU
		{BD285A62-6161-4094-8297-7DBE3DA42ED8}.Debug|Any CPU.Build.0 = Debug|Any CPU
		{BD285A62-6161-4094-8297-7DBE3DA42ED8}.Debug|x86.ActiveCfg = Debug|Any CPU
		{BD285A62-6161-4094-8297-7DBE3DA42ED8}.Debug|x86.Build.0 = Debug|Any CPU
		{BD285A62-6161-4094-8297-7DBE3DA42ED8}.Release|Any CPU.ActiveCfg = Release|Any CPU
		{BD285A62-6161-4094-8297-7DBE3DA42ED8}.Release|Any CPU.Build.0 = Release|Any CPU
		{BD285A62-6161-4094-8297-7DBE3DA42ED8}.Release|x86.ActiveCfg = Release|Any CPU
		{BD285A62-6161-4094-8297-7DBE3DA42ED8}.Release|x86.Build.0 = Release|Any CPU
		{5471FF54-CEEA-474A-827F-70B5E4BBE726}.Debug|Any CPU.ActiveCfg = Debug|Any CPU
		{5471FF54-CEEA-474A-827F-70B5E4BBE726}.Debug|Any CPU.Build.0 = Debug|Any CPU
		{5471FF54-CEEA-474A-827F-70B5E4BBE726}.Debug|x86.ActiveCfg = Debug|Any CPU
		{5471FF54-CEEA-474A-827F-70B5E4BBE726}.Debug|x86.Build.0 = Debug|Any CPU
		{5471FF54-CEEA-474A-827F-70B5E4BBE726}.Release|Any CPU.ActiveCfg = Release|Any CPU
		{5471FF54-CEEA-474A-827F-70B5E4BBE726}.Release|Any CPU.Build.0 = Release|Any CPU
		{5471FF54-CEEA-474A-827F-70B5E4BBE726}.Release|x86.ActiveCfg = Release|Any CPU
		{5471FF54-CEEA-474A-827F-70B5E4BBE726}.Release|x86.Build.0 = Release|Any CPU
		{486F247D-059C-45D3-8E40-EF5D7FA7794E}.Debug|Any CPU.ActiveCfg = Debug|Any CPU
		{486F247D-059C-45D3-8E40-EF5D7FA7794E}.Debug|Any CPU.Build.0 = Debug|Any CPU
		{486F247D-059C-45D3-8E40-EF5D7FA7794E}.Debug|x86.ActiveCfg = Debug|Any CPU
		{486F247D-059C-45D3-8E40-EF5D7FA7794E}.Debug|x86.Build.0 = Debug|Any CPU
		{486F247D-059C-45D3-8E40-EF5D7FA7794E}.Release|Any CPU.ActiveCfg = Release|Any CPU
		{486F247D-059C-45D3-8E40-EF5D7FA7794E}.Release|Any CPU.Build.0 = Release|Any CPU
		{486F247D-059C-45D3-8E40-EF5D7FA7794E}.Release|x86.ActiveCfg = Release|Any CPU
		{486F247D-059C-45D3-8E40-EF5D7FA7794E}.Release|x86.Build.0 = Release|Any CPU
		{CA47A282-C12B-474D-A780-3211082FC06C}.Debug|Any CPU.ActiveCfg = Debug|Any CPU
		{CA47A282-C12B-474D-A780-3211082FC06C}.Debug|Any CPU.Build.0 = Debug|Any CPU
		{CA47A282-C12B-474D-A780-3211082FC06C}.Debug|x86.ActiveCfg = Debug|Any CPU
		{CA47A282-C12B-474D-A780-3211082FC06C}.Debug|x86.Build.0 = Debug|Any CPU
		{CA47A282-C12B-474D-A780-3211082FC06C}.Release|Any CPU.ActiveCfg = Release|Any CPU
		{CA47A282-C12B-474D-A780-3211082FC06C}.Release|Any CPU.Build.0 = Release|Any CPU
		{CA47A282-C12B-474D-A780-3211082FC06C}.Release|x86.ActiveCfg = Release|Any CPU
		{CA47A282-C12B-474D-A780-3211082FC06C}.Release|x86.Build.0 = Release|Any CPU
		{C461573A-79AC-4966-A1F2-22433DDF01E9}.Debug|Any CPU.ActiveCfg = Debug|Any CPU
		{C461573A-79AC-4966-A1F2-22433DDF01E9}.Debug|Any CPU.Build.0 = Debug|Any CPU
		{C461573A-79AC-4966-A1F2-22433DDF01E9}.Debug|x86.ActiveCfg = Debug|Any CPU
		{C461573A-79AC-4966-A1F2-22433DDF01E9}.Debug|x86.Build.0 = Debug|Any CPU
		{C461573A-79AC-4966-A1F2-22433DDF01E9}.Release|Any CPU.ActiveCfg = Release|Any CPU
		{C461573A-79AC-4966-A1F2-22433DDF01E9}.Release|Any CPU.Build.0 = Release|Any CPU
		{C461573A-79AC-4966-A1F2-22433DDF01E9}.Release|x86.ActiveCfg = Release|Any CPU
		{C461573A-79AC-4966-A1F2-22433DDF01E9}.Release|x86.Build.0 = Release|Any CPU
		{198E8827-5E7F-4F15-A86E-00226048675B}.Debug|Any CPU.ActiveCfg = Debug|Any CPU
		{198E8827-5E7F-4F15-A86E-00226048675B}.Debug|Any CPU.Build.0 = Debug|Any CPU
		{198E8827-5E7F-4F15-A86E-00226048675B}.Debug|x86.ActiveCfg = Debug|Any CPU
		{198E8827-5E7F-4F15-A86E-00226048675B}.Debug|x86.Build.0 = Debug|Any CPU
		{198E8827-5E7F-4F15-A86E-00226048675B}.Release|Any CPU.ActiveCfg = Release|Any CPU
		{198E8827-5E7F-4F15-A86E-00226048675B}.Release|Any CPU.Build.0 = Release|Any CPU
		{198E8827-5E7F-4F15-A86E-00226048675B}.Release|x86.ActiveCfg = Release|Any CPU
		{198E8827-5E7F-4F15-A86E-00226048675B}.Release|x86.Build.0 = Release|Any CPU
		{C02505DA-A803-494A-9B23-C8CEE76B8881}.Debug|Any CPU.ActiveCfg = Debug|x86
		{C02505DA-A803-494A-9B23-C8CEE76B8881}.Debug|x86.ActiveCfg = Debug|x86
		{C02505DA-A803-494A-9B23-C8CEE76B8881}.Debug|x86.Build.0 = Debug|x86
		{C02505DA-A803-494A-9B23-C8CEE76B8881}.Release|Any CPU.ActiveCfg = Release|x86
		{C02505DA-A803-494A-9B23-C8CEE76B8881}.Release|x86.ActiveCfg = Release|x86
		{C02505DA-A803-494A-9B23-C8CEE76B8881}.Release|x86.Build.0 = Release|x86
		{4379774B-073F-47A1-950A-A7E6D9008FAF}.Debug|Any CPU.ActiveCfg = Debug|Any CPU
		{4379774B-073F-47A1-950A-A7E6D9008FAF}.Debug|Any CPU.Build.0 = Debug|Any CPU
		{4379774B-073F-47A1-950A-A7E6D9008FAF}.Debug|x86.ActiveCfg = Debug|Any CPU
		{4379774B-073F-47A1-950A-A7E6D9008FAF}.Debug|x86.Build.0 = Debug|Any CPU
		{4379774B-073F-47A1-950A-A7E6D9008FAF}.Release|Any CPU.ActiveCfg = Release|Any CPU
		{4379774B-073F-47A1-950A-A7E6D9008FAF}.Release|Any CPU.Build.0 = Release|Any CPU
		{4379774B-073F-47A1-950A-A7E6D9008FAF}.Release|x86.ActiveCfg = Release|Any CPU
		{4379774B-073F-47A1-950A-A7E6D9008FAF}.Release|x86.Build.0 = Release|Any CPU
		{65B1EA7F-81DC-49BE-9704-0D15157A5B23}.Debug|Any CPU.ActiveCfg = Debug|Any CPU
		{65B1EA7F-81DC-49BE-9704-0D15157A5B23}.Debug|Any CPU.Build.0 = Debug|Any CPU
		{65B1EA7F-81DC-49BE-9704-0D15157A5B23}.Debug|x86.ActiveCfg = Debug|Any CPU
		{65B1EA7F-81DC-49BE-9704-0D15157A5B23}.Debug|x86.Build.0 = Debug|Any CPU
		{65B1EA7F-81DC-49BE-9704-0D15157A5B23}.Release|Any CPU.ActiveCfg = Release|Any CPU
		{65B1EA7F-81DC-49BE-9704-0D15157A5B23}.Release|Any CPU.Build.0 = Release|Any CPU
		{65B1EA7F-81DC-49BE-9704-0D15157A5B23}.Release|x86.ActiveCfg = Release|Any CPU
		{65B1EA7F-81DC-49BE-9704-0D15157A5B23}.Release|x86.Build.0 = Release|Any CPU
		{A016E7DA-9245-4BC1-BFD3-B1824A4B4B8D}.Debug|Any CPU.ActiveCfg = Debug|Any CPU
		{A016E7DA-9245-4BC1-BFD3-B1824A4B4B8D}.Debug|Any CPU.Build.0 = Debug|Any CPU
		{A016E7DA-9245-4BC1-BFD3-B1824A4B4B8D}.Debug|x86.ActiveCfg = Debug|Any CPU
		{A016E7DA-9245-4BC1-BFD3-B1824A4B4B8D}.Debug|x86.Build.0 = Debug|Any CPU
		{A016E7DA-9245-4BC1-BFD3-B1824A4B4B8D}.Release|Any CPU.ActiveCfg = Release|Any CPU
		{A016E7DA-9245-4BC1-BFD3-B1824A4B4B8D}.Release|Any CPU.Build.0 = Release|Any CPU
		{A016E7DA-9245-4BC1-BFD3-B1824A4B4B8D}.Release|x86.ActiveCfg = Release|Any CPU
		{A016E7DA-9245-4BC1-BFD3-B1824A4B4B8D}.Release|x86.Build.0 = Release|Any CPU
		{22DB6BD3-6E68-429E-BB8B-24ACC9B48B5D}.Debug|Any CPU.ActiveCfg = Debug|x86
		{22DB6BD3-6E68-429E-BB8B-24ACC9B48B5D}.Debug|x86.ActiveCfg = Debug|x86
		{22DB6BD3-6E68-429E-BB8B-24ACC9B48B5D}.Debug|x86.Build.0 = Debug|x86
		{22DB6BD3-6E68-429E-BB8B-24ACC9B48B5D}.Release|Any CPU.ActiveCfg = Release|x86
		{22DB6BD3-6E68-429E-BB8B-24ACC9B48B5D}.Release|x86.ActiveCfg = Release|x86
		{22DB6BD3-6E68-429E-BB8B-24ACC9B48B5D}.Release|x86.Build.0 = Release|x86
		{9275FAF1-E9CA-473A-B311-AE7B091D1BF0}.Debug|Any CPU.ActiveCfg = Debug|Any CPU
		{9275FAF1-E9CA-473A-B311-AE7B091D1BF0}.Debug|Any CPU.Build.0 = Debug|Any CPU
		{9275FAF1-E9CA-473A-B311-AE7B091D1BF0}.Debug|x86.ActiveCfg = Debug|Any CPU
		{9275FAF1-E9CA-473A-B311-AE7B091D1BF0}.Debug|x86.Build.0 = Debug|Any CPU
		{9275FAF1-E9CA-473A-B311-AE7B091D1BF0}.Release|Any CPU.ActiveCfg = Release|Any CPU
		{9275FAF1-E9CA-473A-B311-AE7B091D1BF0}.Release|Any CPU.Build.0 = Release|Any CPU
		{9275FAF1-E9CA-473A-B311-AE7B091D1BF0}.Release|x86.ActiveCfg = Release|Any CPU
		{9275FAF1-E9CA-473A-B311-AE7B091D1BF0}.Release|x86.Build.0 = Release|Any CPU
		{D4858020-1570-4BCA-BAF0-2A98EA905836}.Debug|Any CPU.ActiveCfg = Debug|Any CPU
		{D4858020-1570-4BCA-BAF0-2A98EA905836}.Debug|Any CPU.Build.0 = Debug|Any CPU
		{D4858020-1570-4BCA-BAF0-2A98EA905836}.Debug|x86.ActiveCfg = Debug|Any CPU
		{D4858020-1570-4BCA-BAF0-2A98EA905836}.Debug|x86.Build.0 = Debug|Any CPU
		{D4858020-1570-4BCA-BAF0-2A98EA905836}.Release|Any CPU.ActiveCfg = Release|Any CPU
		{D4858020-1570-4BCA-BAF0-2A98EA905836}.Release|Any CPU.Build.0 = Release|Any CPU
		{D4858020-1570-4BCA-BAF0-2A98EA905836}.Release|x86.ActiveCfg = Release|Any CPU
		{D4858020-1570-4BCA-BAF0-2A98EA905836}.Release|x86.Build.0 = Release|Any CPU
		{4967E667-9639-405E-850D-9792721ED879}.Debug|Any CPU.ActiveCfg = Debug|Any CPU
		{4967E667-9639-405E-850D-9792721ED879}.Debug|Any CPU.Build.0 = Debug|Any CPU
		{4967E667-9639-405E-850D-9792721ED879}.Debug|x86.ActiveCfg = Debug|Any CPU
		{4967E667-9639-405E-850D-9792721ED879}.Debug|x86.Build.0 = Debug|Any CPU
		{4967E667-9639-405E-850D-9792721ED879}.Release|Any CPU.ActiveCfg = Release|Any CPU
		{4967E667-9639-405E-850D-9792721ED879}.Release|Any CPU.Build.0 = Release|Any CPU
		{4967E667-9639-405E-850D-9792721ED879}.Release|x86.ActiveCfg = Release|Any CPU
		{4967E667-9639-405E-850D-9792721ED879}.Release|x86.Build.0 = Release|Any CPU
		{E6A61AB4-EE5A-4CD2-9127-C177F43DF09D}.Debug|Any CPU.ActiveCfg = Debug|Any CPU
		{E6A61AB4-EE5A-4CD2-9127-C177F43DF09D}.Debug|Any CPU.Build.0 = Debug|Any CPU
		{E6A61AB4-EE5A-4CD2-9127-C177F43DF09D}.Debug|x86.ActiveCfg = Debug|Any CPU
		{E6A61AB4-EE5A-4CD2-9127-C177F43DF09D}.Debug|x86.Build.0 = Debug|Any CPU
		{E6A61AB4-EE5A-4CD2-9127-C177F43DF09D}.Release|Any CPU.ActiveCfg = Release|Any CPU
		{E6A61AB4-EE5A-4CD2-9127-C177F43DF09D}.Release|Any CPU.Build.0 = Release|Any CPU
		{E6A61AB4-EE5A-4CD2-9127-C177F43DF09D}.Release|x86.ActiveCfg = Release|Any CPU
		{E6A61AB4-EE5A-4CD2-9127-C177F43DF09D}.Release|x86.Build.0 = Release|Any CPU
	EndGlobalSection
	GlobalSection(SolutionProperties) = preSolution
		HideSolutionNode = FALSE
	EndGlobalSection
	GlobalSection(NestedProjects) = preSolution
		{AFAA0841-BD93-466F-B8F4-FB4EEC86F1FC} = {31D2A79A-38E4-4673-BEF0-F6AC28ACFE89}
		{F10AA149-2626-486E-85BB-9CD5365F3016} = {31D2A79A-38E4-4673-BEF0-F6AC28ACFE89}
		{B36AFC49-C642-49FB-A49D-53504FC1170B} = {EE190D2C-34FC-4C78-8553-A6CF1D797053}
		{7AF9F8F4-2FC8-40B6-8F4A-81179F552A63} = {EE190D2C-34FC-4C78-8553-A6CF1D797053}
		{26E05C1E-E368-428C-BA5D-43D89A9892A5} = {EE190D2C-34FC-4C78-8553-A6CF1D797053}
		{BD285A62-6161-4094-8297-7DBE3DA42ED8} = {EE190D2C-34FC-4C78-8553-A6CF1D797053}
		{5471FF54-CEEA-474A-827F-70B5E4BBE726} = {EE190D2C-34FC-4C78-8553-A6CF1D797053}
		{486F247D-059C-45D3-8E40-EF5D7FA7794E} = {EE190D2C-34FC-4C78-8553-A6CF1D797053}
		{CA47A282-C12B-474D-A780-3211082FC06C} = {272B0977-6EA5-44BC-8F57-CB4F10194A9E}
		{C461573A-79AC-4966-A1F2-22433DDF01E9} = {272B0977-6EA5-44BC-8F57-CB4F10194A9E}
		{198E8827-5E7F-4F15-A86E-00226048675B} = {272B0977-6EA5-44BC-8F57-CB4F10194A9E}
		{C02505DA-A803-494A-9B23-C8CEE76B8881} = {272B0977-6EA5-44BC-8F57-CB4F10194A9E}
		{4379774B-073F-47A1-950A-A7E6D9008FAF} = {272B0977-6EA5-44BC-8F57-CB4F10194A9E}
		{65B1EA7F-81DC-49BE-9704-0D15157A5B23} = {272B0977-6EA5-44BC-8F57-CB4F10194A9E}
		{A016E7DA-9245-4BC1-BFD3-B1824A4B4B8D} = {272B0977-6EA5-44BC-8F57-CB4F10194A9E}
		{22DB6BD3-6E68-429E-BB8B-24ACC9B48B5D} = {272B0977-6EA5-44BC-8F57-CB4F10194A9E}
		{9275FAF1-E9CA-473A-B311-AE7B091D1BF0} = {EE190D2C-34FC-4C78-8553-A6CF1D797053}
		{D4858020-1570-4BCA-BAF0-2A98EA905836} = {EE190D2C-34FC-4C78-8553-A6CF1D797053}
		{4967E667-9639-405E-850D-9792721ED879} = {272B0977-6EA5-44BC-8F57-CB4F10194A9E}
		{E6A61AB4-EE5A-4CD2-9127-C177F43DF09D} = {EE190D2C-34FC-4C78-8553-A6CF1D797053}
	EndGlobalSection
	GlobalSection(ExtensibilityGlobals) = postSolution
		SolutionGuid = {373C70C3-0C45-4C66-8844-95A8C8AE4F0F}
	EndGlobalSection
EndGlobal
